{
  "name": "ft_transcendence",
  "lockfileVersion": 3,
  "requires": true,
  "packages": {
    "": {
      "dependencies": {
        "@fastify/passport": "^3.0.2",
        "@fastify/secure-session": "^8.2.0",
        "passport-google-oauth20": "^2.0.0"
      }
    },
    "node_modules/@fastify/cookie": {
      "version": "11.0.2",
      "resolved": "https://registry.npmjs.org/@fastify/cookie/-/cookie-11.0.2.tgz",
      "integrity": "sha512-GWdwdGlgJxyvNv+QcKiGNevSspMQXncjMZ1J8IvuDQk0jvkzgWWZFNC2En3s+nHndZBGV8IbLwOI/sxCZw/mzA==",
      "funding": [
        {
          "type": "github",
          "url": "https://github.com/sponsors/fastify"
        },
        {
          "type": "opencollective",
          "url": "https://opencollective.com/fastify"
        }
      ],
      "dependencies": {
        "cookie": "^1.0.0",
        "fastify-plugin": "^5.0.0"
      }
    },
    "node_modules/@fastify/flash": {
      "version": "6.0.3",
      "resolved": "https://registry.npmjs.org/@fastify/flash/-/flash-6.0.3.tgz",
      "integrity": "sha512-MyUvkiIR9zRqfMPCuWeTf8uyYpPhL+eZH4oSTxvqtbW+ifbo1Bk1SJtlrxmFgu52ZAAKUnYtI5OuSY9/GR22SA==",
      "funding": [
        {
          "type": "github",
          "url": "https://github.com/sponsors/fastify"
        },
        {
          "type": "opencollective",
          "url": "https://opencollective.com/fastify"
        }
      ],
      "dependencies": {
        "fastify-plugin": "^5.0.0"
      }
    },
    "node_modules/@fastify/passport": {
      "version": "3.0.2",
      "resolved": "https://registry.npmjs.org/@fastify/passport/-/passport-3.0.2.tgz",
      "integrity": "sha512-pUzOxHTaTta6RvtbD4Ct4uTH7wWfgFtyj8apTu+IMe0w67qm5Q5fZsESOVdcC5IothVEySf54fyM9qQ5VNHP3A==",
      "dependencies": {
        "@fastify/flash": "^6.0.0",
        "fastify-plugin": "^5.0.0"
      }
    },
    "node_modules/@fastify/secure-session": {
      "version": "8.2.0",
      "resolved": "https://registry.npmjs.org/@fastify/secure-session/-/secure-session-8.2.0.tgz",
      "integrity": "sha512-E1linEHVV86c0Gt+ohujcuRsCeedhD2M3X5+a2aU9Ln0YDC0bbuA7bE6QQzf/HAacOpt9+CJqV5NqdlQr9ui0A==",
      "funding": [
        {
          "type": "github",
          "url": "https://github.com/sponsors/fastify"
        },
        {
          "type": "opencollective",
          "url": "https://opencollective.com/fastify"
        }
      ],
      "dependencies": {
        "@fastify/cookie": "^11.0.1",
        "fastify-plugin": "^5.0.0",
        "sodium-native": "^4.0.10"
      },
      "bin": {
        "secure-session": "genkey.js"
      }
    },
    "node_modules/bare-addon-resolve": {
      "version": "1.9.4",
      "resolved": "https://registry.npmjs.org/bare-addon-resolve/-/bare-addon-resolve-1.9.4.tgz",
      "integrity": "sha512-unn6Vy/Yke6F99vg/7tcrvM2KUvIhTNniaSqDbam4AWkd4NhvDVSrQiRYVlNzUV2P7SPobkCK7JFVxrJk9btCg==",
      "dependencies": {
        "bare-module-resolve": "^1.10.0",
        "bare-semver": "^1.0.0"
      },
      "peerDependencies": {
        "bare-url": "*"
      },
      "peerDependenciesMeta": {
        "bare-url": {
          "optional": true
        }
      }
    },
    "node_modules/bare-module-resolve": {
      "version": "1.11.1",
      "resolved": "https://registry.npmjs.org/bare-module-resolve/-/bare-module-resolve-1.11.1.tgz",
      "integrity": "sha512-DCxeT9i8sTs3vUMA3w321OX/oXtNEu5EjObQOnTmCdNp5RXHBAvAaBDHvAi9ta0q/948QPz+co6SsGi6aQMYRg==",
      "dependencies": {
        "bare-semver": "^1.0.0"
      },
      "peerDependencies": {
        "bare-url": "*"
      },
      "peerDependenciesMeta": {
        "bare-url": {
          "optional": true
        }
      }
    },
    "node_modules/bare-os": {
      "version": "3.6.2",
      "resolved": "https://registry.npmjs.org/bare-os/-/bare-os-3.6.2.tgz",
      "integrity": "sha512-T+V1+1srU2qYNBmJCXZkUY5vQ0B4FSlL3QDROnKQYOqeiQR8UbjNHlPa+TIbM4cuidiN9GaTaOZgSEgsvPbh5A==",
      "engines": {
        "bare": ">=1.14.0"
      }
    },
    "node_modules/bare-path": {
      "version": "3.0.0",
      "resolved": "https://registry.npmjs.org/bare-path/-/bare-path-3.0.0.tgz",
      "integrity": "sha512-tyfW2cQcB5NN8Saijrhqn0Zh7AnFNsnczRcuWODH0eYAXBsJ5gVxAUuNr7tsHSC6IZ77cA0SitzT+s47kot8Mw==",
      "dependencies": {
        "bare-os": "^3.0.1"
      }
    },
    "node_modules/bare-semver": {
      "version": "1.0.1",
      "resolved": "https://registry.npmjs.org/bare-semver/-/bare-semver-1.0.1.tgz",
      "integrity": "sha512-UtggzHLiTrmFOC/ogQ+Hy7VfoKoIwrP1UFcYtTxoCUdLtsIErT8+SWtOC2DH/snT9h+xDrcBEPcwKei1mzemgg=="
    },
    "node_modules/bare-url": {
      "version": "2.2.2",
      "resolved": "https://registry.npmjs.org/bare-url/-/bare-url-2.2.2.tgz",
      "integrity": "sha512-g+ueNGKkrjMazDG3elZO1pNs3HY5+mMmOet1jtKyhOaCnkLzitxf26z7hoAEkDNgdNmnc1KIlt/dw6Po6xZMpA==",
      "dependencies": {
        "bare-path": "^3.0.0"
      }
    },
    "node_modules/base64url": {
      "version": "3.0.1",
      "resolved": "https://registry.npmjs.org/base64url/-/base64url-3.0.1.tgz",
      "integrity": "sha512-ir1UPr3dkwexU7FdV8qBBbNDRUhMmIekYMFZfi+C/sLNnRESKPl23nB9b2pltqfOQNnGzsDdId90AEtG5tCx4A==",
      "engines": {
        "node": ">=6.0.0"
      }
    },
    "node_modules/cookie": {
      "version": "1.0.2",
      "resolved": "https://registry.npmjs.org/cookie/-/cookie-1.0.2.tgz",
      "integrity": "sha512-9Kr/j4O16ISv8zBBhJoi4bXOYNTkFLOqSL3UDB0njXxCXNezjeyVrJyGOWtgfs/q2km1gwBcfH8q1yEGoMYunA==",
      "engines": {
        "node": ">=18"
      }
    },
    "node_modules/fastify-plugin": {
      "version": "5.0.1",
      "resolved": "https://registry.npmjs.org/fastify-plugin/-/fastify-plugin-5.0.1.tgz",
      "integrity": "sha512-HCxs+YnRaWzCl+cWRYFnHmeRFyR5GVnJTAaCJQiYzQSDwK9MgJdyAsuL3nh0EWRCYMgQ5MeziymvmAhUHYHDUQ=="
    },
    "node_modules/oauth": {
      "version": "0.10.2",
      "resolved": "https://registry.npmjs.org/oauth/-/oauth-0.10.2.tgz",
      "integrity": "sha512-JtFnB+8nxDEXgNyniwz573xxbKSOu3R8D40xQKqcjwJ2CDkYqUDI53o6IuzDJBx60Z8VKCm271+t8iFjakrl8Q=="
    },
    "node_modules/passport-google-oauth20": {
      "version": "2.0.0",
      "resolved": "https://registry.npmjs.org/passport-google-oauth20/-/passport-google-oauth20-2.0.0.tgz",
      "integrity": "sha512-KSk6IJ15RoxuGq7D1UKK/8qKhNfzbLeLrG3gkLZ7p4A6DBCcv7xpyQwuXtWdpyR0+E0mwkpjY1VfPOhxQrKzdQ==",
      "dependencies": {
        "passport-oauth2": "1.x.x"
      },
      "engines": {
        "node": ">= 0.4.0"
      }
    },
    "node_modules/passport-oauth2": {
      "version": "1.8.0",
      "resolved": "https://registry.npmjs.org/passport-oauth2/-/passport-oauth2-1.8.0.tgz",
      "integrity": "sha512-cjsQbOrXIDE4P8nNb3FQRCCmJJ/utnFKEz2NX209f7KOHPoX18gF7gBzBbLLsj2/je4KrgiwLLGjf0lm9rtTBA==",
      "dependencies": {
        "base64url": "3.x.x",
        "oauth": "0.10.x",
        "passport-strategy": "1.x.x",
        "uid2": "0.0.x",
        "utils-merge": "1.x.x"
      },
      "engines": {
        "node": ">= 0.4.0"
      },
      "funding": {
        "type": "github",
        "url": "https://github.com/sponsors/jaredhanson"
      }
    },
    "node_modules/passport-strategy": {
      "version": "1.0.0",
      "resolved": "https://registry.npmjs.org/passport-strategy/-/passport-strategy-1.0.0.tgz",
      "integrity": "sha512-CB97UUvDKJde2V0KDWWB3lyf6PC3FaZP7YxZ2G8OAtn9p4HI9j9JLP9qjOGZFvyl8uwNT8qM+hGnz/n16NI7oA==",
      "engines": {
        "node": ">= 0.4.0"
      }
    },
    "node_modules/require-addon": {
      "version": "1.1.0",
      "resolved": "https://registry.npmjs.org/require-addon/-/require-addon-1.1.0.tgz",
      "integrity": "sha512-KbXAD5q2+v1GJnkzd8zzbOxchTkStSyJZ9QwoCq3QwEXAaIlG3wDYRZGzVD357jmwaGY7hr5VaoEAL0BkF0Kvg==",
      "dependencies": {
        "bare-addon-resolve": "^1.3.0",
        "bare-url": "^2.1.0"
      },
      "engines": {
        "bare": ">=1.10.0"
      }
    },
    "node_modules/sodium-native": {
      "version": "4.3.3",
      "resolved": "https://registry.npmjs.org/sodium-native/-/sodium-native-4.3.3.tgz",
      "integrity": "sha512-OnxSlN3uyY8D0EsLHpmm2HOFmKddQVvEMmsakCrXUzSd8kjjbzL413t4ZNF3n0UxSwNgwTyUvkmZHTfuCeiYSw==",
      "dependencies": {
        "require-addon": "^1.1.0"
      }
    },
    "node_modules/uid2": {
      "version": "0.0.4",
      "resolved": "https://registry.npmjs.org/uid2/-/uid2-0.0.4.tgz",
      "integrity": "sha512-IevTus0SbGwQzYh3+fRsAMTVVPOoIVufzacXcHPmdlle1jUpq7BRL+mw3dgeLanvGZdwwbWhRV6XrcFNdBmjWA=="
    },
    "node_modules/utils-merge": {
      "version": "1.0.1",
      "resolved": "https://registry.npmjs.org/utils-merge/-/utils-merge-1.0.1.tgz",
      "integrity": "sha512-pMZTvIkT1d+TFGvDOqodOclx0QWkkgi6Tdoa8gC8ffGAAqz9pzPTZWAybbsHHoED/ztMtkv/VoYTYyShUn81hA==",
      "engines": {
        "node": ">= 0.4.0"
      }
    }
  }
}
